
Microsoft Visual Studio Solution File, Format Version 12.00
# Visual Studio Version 17
VisualStudioVersion = 17.3.32922.545
MinimumVisualStudioVersion = 10.0.40219.1
Project("{FAE04EC0-301F-11D3-BF4B-00C04F79EFBC}") = "TesteDapper", "TesteDapper\TesteDapper.csproj", "{C2594C3E-F78B-4F3F-8D28-C71258174480}"
EndProject
Global
	GlobalSection(SolutionConfigurationPlatforms) = preSolution
		Debug|Any CPU = Debug|Any CPU
		Release|Any CPU = Release|Any CPU
	EndGlobalSection
	GlobalSection(ProjectConfigurationPlatforms) = postSolution
		{C2594C3E-F78B-4F3F-8D28-C71258174480}.Debug|Any CPU.ActiveCfg = Debug|Any CPU
		{C2594C3E-F78B-4F3F-8D28-C71258174480}.Debug|Any CPU.Build.0 = Debug|Any CPU
		{C2594C3E-F78B-4F3F-8D28-C71258174480}.Release|Any CPU.ActiveCfg = Release|Any CPU
		{C2594C3E-F78B-4F3F-8D28-C71258174480}.Release|Any CPU.Build.0 = Release|Any CPU
	EndGlobalSection
	GlobalSection(SolutionProperties) = preSolution
		HideSolutionNode = FALSE
	EndGlobalSection
	GlobalSection(ExtensibilityGlobals) = postSolution
		SolutionGuid = {7243FBC8-4B60-4136-B08A-DA6CF7C20C6B}
	EndGlobalSection
EndGlobal
